
Microsoft Visual Studio Solution File, Format Version 12.00
# Visual Studio 15
VisualStudioVersion = 15.0.28307.329
MinimumVisualStudioVersion = 10.0.40219.1
Project("{FAE04EC0-301F-11D3-BF4B-00C04F79EFBC}") = "ConsoleApp26", "ConsoleApp26\ConsoleApp26.csproj", "{FC4A91BD-5F4F-47B9-9CF7-9E394EB597D3}"
EndProject
Global
	GlobalSection(SolutionConfigurationPlatforms) = preSolution
		Debug|Any CPU = Debug|Any CPU
		Release|Any CPU = Release|Any CPU
	EndGlobalSection
	GlobalSection(ProjectConfigurationPlatforms) = postSolution
		{FC4A91BD-5F4F-47B9-9CF7-9E394EB597D3}.Debug|Any CPU.ActiveCfg = Debug|Any CPU
		{FC4A91BD-5F4F-47B9-9CF7-9E394EB597D3}.Debug|Any CPU.Build.0 = Debug|Any CPU
		{FC4A91BD-5F4F-47B9-9CF7-9E394EB597D3}.Release|Any CPU.ActiveCfg = Release|Any CPU
		{FC4A91BD-5F4F-47B9-9CF7-9E394EB597D3}.Release|Any CPU.Build.0 = Release|Any CPU
	EndGlobalSection
	GlobalSection(SolutionProperties) = preSolution
		HideSolutionNode = FALSE
	EndGlobalSection
	GlobalSection(ExtensibilityGlobals) = postSolution
		SolutionGuid = {5CDEB409-9E17-43FD-9B1C-55F72F7077DC}
	EndGlobalSection
EndGlobal
